
Microsoft Visual Studio Solution File, Format Version 12.00
Project("{FAE04EC0-301F-11D3-BF4B-00C04F79EFBC}") = "Melonn", "Melonn.csproj", "{C8F9780F-5DEC-4571-A2F0-E6897CE3B1F1}"
EndProject
Project("{FAE04EC0-301F-11D3-BF4B-00C04F79EFBC}") = "Domain", "Domain\Domain.csproj", "{88E73CAD-52EE-4591-8E4B-EA02FFC64A96}"
EndProject
Global
	GlobalSection(SolutionConfigurationPlatforms) = preSolution
		Debug|Any CPU = Debug|Any CPU
		Release|Any CPU = Release|Any CPU
	EndGlobalSection
	GlobalSection(ProjectConfigurationPlatforms) = postSolution
		{C8F9780F-5DEC-4571-A2F0-E6897CE3B1F1}.Debug|Any CPU.ActiveCfg = Debug|Any CPU
		{C8F9780F-5DEC-4571-A2F0-E6897CE3B1F1}.Debug|Any CPU.Build.0 = Debug|Any CPU
		{C8F9780F-5DEC-4571-A2F0-E6897CE3B1F1}.Release|Any CPU.ActiveCfg = Release|Any CPU
		{C8F9780F-5DEC-4571-A2F0-E6897CE3B1F1}.Release|Any CPU.Build.0 = Release|Any CPU
		{88E73CAD-52EE-4591-8E4B-EA02FFC64A96}.Debug|Any CPU.ActiveCfg = Debug|Any CPU
		{88E73CAD-52EE-4591-8E4B-EA02FFC64A96}.Debug|Any CPU.Build.0 = Debug|Any CPU
		{88E73CAD-52EE-4591-8E4B-EA02FFC64A96}.Release|Any CPU.ActiveCfg = Release|Any CPU
		{88E73CAD-52EE-4591-8E4B-EA02FFC64A96}.Release|Any CPU.Build.0 = Release|Any CPU
	EndGlobalSection
EndGlobal
